Microsoft Visual Studio Solution File, Format Version 12.00
# Visual Studio Version 17
VisualStudioVersion = 17.5.2.0
MinimumVisualStudioVersion = 10.0.40219.1
Project("{FAE04EC0-301F-11D3-BF4B-00C04F79EFBC}") = "AlunoExercicioRevisao", "AlunoExercicioRevisao.csproj", "{A7156F02-6254-4DE2-7C55-AFA91BA1F0B9}"
EndProject
Global
	GlobalSection(SolutionConfigurationPlatforms) = preSolution
		Debug|Any CPU = Debug|Any CPU
		Release|Any CPU = Release|Any CPU
	EndGlobalSection
	GlobalSection(ProjectConfigurationPlatforms) = postSolution
		{A7156F02-6254-4DE2-7C55-AFA91BA1F0B9}.Debug|Any CPU.ActiveCfg = Debug|Any CPU
		{A7156F02-6254-4DE2-7C55-AFA91BA1F0B9}.Debug|Any CPU.Build.0 = Debug|Any CPU
		{A7156F02-6254-4DE2-7C55-AFA91BA1F0B9}.Release|Any CPU.ActiveCfg = Release|Any CPU
		{A7156F02-6254-4DE2-7C55-AFA91BA1F0B9}.Release|Any CPU.Build.0 = Release|Any CPU
	EndGlobalSection
	GlobalSection(SolutionProperties) = preSolution
		HideSolutionNode = FALSE
	EndGlobalSection
	GlobalSection(ExtensibilityGlobals) = postSolution
		SolutionGuid = {9C1DEA01-93E2-4AF6-AD42-F699655F0D6A}
	EndGlobalSection
EndGlobal
